
Microsoft Visual Studio Solution File, Format Version 12.00
# Visual Studio 15
VisualStudioVersion = 15.0.28307.852
MinimumVisualStudioVersion = 10.0.40219.1
Project("{FAE04EC0-301F-11D3-BF4B-00C04F79EFBC}") = "Lands.Android", "Lands\Lands.Android\Lands.Android.csproj", "{9BD0A1F2-195C-4291-92E0-6A552BAE81FC}"
EndProject
Project("{FAE04EC0-301F-11D3-BF4B-00C04F79EFBC}") = "Lands.iOS", "Lands\Lands.iOS\Lands.iOS.csproj", "{2C261EE8-F6E8-4A6A-B531-1CD92C95CBD3}"
EndProject
Project("{FAE04EC0-301F-11D3-BF4B-00C04F79EFBC}") = "Lands", "Lands\Lands\Lands.csproj", "{7EFED387-52C6-4DF3-837F-9D13169F2C1A}"
EndProject
Global
	GlobalSection(SolutionConfigurationPlatforms) = preSolution
		Ad-Hoc|Any CPU = Ad-Hoc|Any CPU
		Ad-Hoc|iPhone = Ad-Hoc|iPhone
		Ad-Hoc|iPhoneSimulator = Ad-Hoc|iPhoneSimulator
		AppStore|Any CPU = AppStore|Any CPU
		AppStore|iPhone = AppStore|iPhone
		AppStore|iPhoneSimulator = AppStore|iPhoneSimulator
		Debug|Any CPU = Debug|Any CPU
		Debug|iPhone = Debug|iPhone
		Debug|iPhoneSimulator = Debug|iPhoneSimulator
		Release|Any CPU = Release|Any CPU
		Release|iPhone = Release|iPhone
		Release|iPhoneSimulator = Release|iPhoneSimulator
	EndGlobalSection
	GlobalSection(ProjectConfigurationPlatforms) = postSolution
		{9BD0A1F2-195C-4291-92E0-6A552BAE81FC}.Ad-Hoc|Any CPU.ActiveCfg = Release|Any CPU
		{9BD0A1F2-195C-4291-92E0-6A552BAE81FC}.Ad-Hoc|Any CPU.Build.0 = Release|Any CPU
		{9BD0A1F2-195C-4291-92E0-6A552BAE81FC}.Ad-Hoc|Any CPU.Deploy.0 = Release|Any CPU
		{9BD0A1F2-195C-4291-92E0-6A552BAE81FC}.Ad-Hoc|iPhone.ActiveCfg = Release|Any CPU
		{9BD0A1F2-195C-4291-92E0-6A552BAE81FC}.Ad-Hoc|iPhone.Build.0 = Release|Any CPU
		{9BD0A1F2-195C-4291-92E0-6A552BAE81FC}.Ad-Hoc|iPhone.Deploy.0 = Release|Any CPU
		{9BD0A1F2-195C-4291-92E0-6A552BAE81FC}.Ad-Hoc|iPhoneSimulator.ActiveCfg = Release|Any CPU
		{9BD0A1F2-195C-4291-92E0-6A552BAE81FC}.Ad-Hoc|iPhoneSimulator.Build.0 = Release|Any CPU
		{9BD0A1F2-195C-4291-92E0-6A552BAE81FC}.Ad-Hoc|iPhoneSimulator.Deploy.0 = Release|Any CPU
		{9BD0A1F2-195C-4291-92E0-6A552BAE81FC}.AppStore|Any CPU.ActiveCfg = Release|Any CPU
		{9BD0A1F2-195C-4291-92E0-6A552BAE81FC}.AppStore|Any CPU.Build.0 = Release|Any CPU
		{9BD0A1F2-195C-4291-92E0-6A552BAE81FC}.AppStore|Any CPU.Deploy.0 = Release|Any CPU
		{9BD0A1F2-195C-4291-92E0-6A552BAE81FC}.AppStore|iPhone.ActiveCfg = Release|Any CPU
		{9BD0A1F2-195C-4291-92E0-6A552BAE81FC}.AppStore|iPhone.Build.0 = Release|Any CPU
		{9BD0A1F2-195C-4291-92E0-6A552BAE81FC}.AppStore|iPhone.Deploy.0 = Release|Any CPU
		{9BD0A1F2-195C-4291-92E0-6A552BAE81FC}.AppStore|iPhoneSimulator.ActiveCfg = Release|Any CPU
		{9BD0A1F2-195C-4291-92E0-6A552BAE81FC}.AppStore|iPhoneSimulator.Build.0 = Release|Any CPU
		{9BD0A1F2-195C-4291-92E0-6A552BAE81FC}.AppStore|iPhoneSimulator.Deploy.0 = Release|Any CPU
		{9BD0A1F2-195C-4291-92E0-6A552BAE81FC}.Debug|Any CPU.ActiveCfg = Debug|Any CPU
		{9BD0A1F2-195C-4291-92E0-6A552BAE81FC}.Debug|Any CPU.Build.0 = Debug|Any CPU
		{9BD0A1F2-195C-4291-92E0-6A552BAE81FC}.Debug|Any CPU.Deploy.0 = Debug|Any CPU
		{9BD0A1F2-195C-4291-92E0-6A552BAE81FC}.Debug|iPhone.ActiveCfg = Debug|Any CPU
		{9BD0A1F2-195C-4291-92E0-6A552BAE81FC}.Debug|iPhone.Build.0 = Debug|Any CPU
		{9BD0A1F2-195C-4291-92E0-6A552BAE81FC}.Debug|iPhone.Deploy.0 = Debug|Any CPU
		{9BD0A1F2-195C-4291-92E0-6A552BAE81FC}.Debug|iPhoneSimulator.ActiveCfg = Debug|Any CPU
		{9BD0A1F2-195C-4291-92E0-6A552BAE81FC}.Debug|iPhoneSimulator.Build.0 = Debug|Any CPU
		{9BD0A1F2-195C-4291-92E0-6A552BAE81FC}.Debug|iPhoneSimulator.Deploy.0 = Debug|Any CPU
		{9BD0A1F2-195C-4291-92E0-6A552BAE81FC}.Release|Any CPU.ActiveCfg = Release|Any CPU
		{9BD0A1F2-195C-4291-92E0-6A552BAE81FC}.Release|Any CPU.Build.0 = Release|Any CPU
		{9BD0A1F2-195C-4291-92E0-6A552BAE81FC}.Release|Any CPU.Deploy.0 = Release|Any CPU
		{9BD0A1F2-195C-4291-92E0-6A552BAE81FC}.Release|iPhone.ActiveCfg = Release|Any CPU
		{9BD0A1F2-195C-4291-92E0-6A552BAE81FC}.Release|iPhone.Build.0 = Release|Any CPU
		{9BD0A1F2-195C-4291-92E0-6A552BAE81FC}.Release|iPhone.Deploy.0 = Release|Any CPU
		{9BD0A1F2-195C-4291-92E0-6A552BAE81FC}.Release|iPhoneSimulator.ActiveCfg = Release|Any CPU
		{9BD0A1F2-195C-4291-92E0-6A552BAE81FC}.Release|iPhoneSimulator.Build.0 = Release|Any CPU
		{9BD0A1F2-195C-4291-92E0-6A552BAE81FC}.Release|iPhoneSimulator.Deploy.0 = Release|Any CPU
		{2C261EE8-F6E8-4A6A-B531-1CD92C95CBD3}.Ad-Hoc|Any CPU.ActiveCfg = Ad-Hoc|iPhone
		{2C261EE8-F6E8-4A6A-B531-1CD92C95CBD3}.Ad-Hoc|Any CPU.Build.0 = Ad-Hoc|iPhone
		{2C261EE8-F6E8-4A6A-B531-1CD92C95CBD3}.Ad-Hoc|Any CPU.Deploy.0 = Ad-Hoc|iPhone
		{2C261EE8-F6E8-4A6A-B531-1CD92C95CBD3}.Ad-Hoc|iPhone.ActiveCfg = Ad-Hoc|iPhone
		{2C261EE8-F6E8-4A6A-B531-1CD92C95CBD3}.Ad-Hoc|iPhone.Build.0 = Ad-Hoc|iPhone
		{2C261EE8-F6E8-4A6A-B531-1CD92C95CBD3}.Ad-Hoc|iPhone.Deploy.0 = Ad-Hoc|iPhone
		{2C261EE8-F6E8-4A6A-B531-1CD92C95CBD3}.Ad-Hoc|iPhoneSimulator.ActiveCfg = Ad-Hoc|iPhoneSimulator
		{2C261EE8-F6E8-4A6A-B531-1CD92C95CBD3}.Ad-Hoc|iPhoneSimulator.Build.0 = Ad-Hoc|iPhoneSimulator
		{2C261EE8-F6E8-4A6A-B531-1CD92C95CBD3}.Ad-Hoc|iPhoneSimulator.Deploy.0 = Ad-Hoc|iPhoneSimulator
		{2C261EE8-F6E8-4A6A-B531-1CD92C95CBD3}.AppStore|Any CPU.ActiveCfg = AppStore|iPhone
		{2C261EE8-F6E8-4A6A-B531-1CD92C95CBD3}.AppStore|Any CPU.Build.0 = AppStore|iPhone
		{2C261EE8-F6E8-4A6A-B531-1CD92C95CBD3}.AppStore|Any CPU.Deploy.0 = AppStore|iPhone
		{2C261EE8-F6E8-4A6A-B531-1CD92C95CBD3}.AppStore|iPhone.ActiveCfg = AppStore|iPhone
		{2C261EE8-F6E8-4A6A-B531-1CD92C95CBD3}.AppStore|iPhone.Build.0 = AppStore|iPhone
		{2C261EE8-F6E8-4A6A-B531-1CD92C95CBD3}.AppStore|iPhone.Deploy.0 = AppStore|iPhone
		{2C261EE8-F6E8-4A6A-B531-1CD92C95CBD3}.AppStore|iPhoneSimulator.ActiveCfg = AppStore|iPhoneSimulator
		{2C261EE8-F6E8-4A6A-B531-1CD92C95CBD3}.AppStore|iPhoneSimulator.Build.0 = AppStore|iPhoneSimulator
		{2C261EE8-F6E8-4A6A-B531-1CD92C95CBD3}.AppStore|iPhoneSimulator.Deploy.0 = AppStore|iPhoneSimulator
		{2C261EE8-F6E8-4A6A-B531-1CD92C95CBD3}.Debug|Any CPU.ActiveCfg = Debug|iPhoneSimulator
		{2C261EE8-F6E8-4A6A-B531-1CD92C95CBD3}.Debug|Any CPU.Build.0 = Debug|iPhoneSimulator
		{2C261EE8-F6E8-4A6A-B531-1CD92C95CBD3}.Debug|Any CPU.Deploy.0 = Debug|iPhoneSimulator
		{2C261EE8-F6E8-4A6A-B531-1CD92C95CBD3}.Debug|iPhone.ActiveCfg = Debug|iPhone
		{2C261EE8-F6E8-4A6A-B531-1CD92C95CBD3}.Debug|iPhone.Build.0 = Debug|iPhone
		{2C261EE8-F6E8-4A6A-B531-1CD92C95CBD3}.Debug|iPhone.Deploy.0 = Debug|iPhone
		{2C261EE8-F6E8-4A6A-B531-1CD92C95CBD3}.Debug|iPhoneSimulator.ActiveCfg = Debug|iPhoneSimulator
		{2C261EE8-F6E8-4A6A-B531-1CD92C95CBD3}.Debug|iPhoneSimulator.Build.0 = Debug|iPhoneSimulator
		{2C261EE8-F6E8-4A6A-B531-1CD92C95CBD3}.Debug|iPhoneSimulator.Deploy.0 = Debug|iPhoneSimulator
		{2C261EE8-F6E8-4A6A-B531-1CD92C95CBD3}.Release|Any CPU.ActiveCfg = Release|iPhone
		{2C261EE8-F6E8-4A6A-B531-1CD92C95CBD3}.Release|Any CPU.Build.0 = Release|iPhone
		{2C261EE8-F6E8-4A6A-B531-1CD92C95CBD3}.Release|Any CPU.Deploy.0 = Release|iPhone
		{2C261EE8-F6E8-4A6A-B531-1CD92C95CBD3}.Release|iPhone.ActiveCfg = Release|iPhone
		{2C261EE8-F6E8-4A6A-B531-1CD92C95CBD3}.Release|iPhone.Build.0 = Release|iPhone
		{2C261EE8-F6E8-4A6A-B531-1CD92C95CBD3}.Release|iPhone.Deploy.0 = Release|iPhone
		{2C261EE8-F6E8-4A6A-B531-1CD92C95CBD3}.Release|iPhoneSimulator.ActiveCfg = Release|iPhoneSimulator
		{2C261EE8-F6E8-4A6A-B531-1CD92C95CBD3}.Release|iPhoneSimulator.Build.0 = Release|iPhoneSimulator
		{2C261EE8-F6E8-4A6A-B531-1CD92C95CBD3}.Release|iPhoneSimulator.Deploy.0 = Release|iPhoneSimulator
		{7EFED387-52C6-4DF3-837F-9D13169F2C1A}.Ad-Hoc|Any CPU.ActiveCfg = Debug|Any CPU
		{7EFED387-52C6-4DF3-837F-9D13169F2C1A}.Ad-Hoc|Any CPU.Build.0 = Debug|Any CPU
		{7EFED387-52C6-4DF3-837F-9D13169F2C1A}.Ad-Hoc|Any CPU.Deploy.0 = Debug|Any CPU
		{7EFED387-52C6-4DF3-837F-9D13169F2C1A}.Ad-Hoc|iPhone.ActiveCfg = Debug|Any CPU
		{7EFED387-52C6-4DF3-837F-9D13169F2C1A}.Ad-Hoc|iPhone.Build.0 = Debug|Any CPU
		{7EFED387-52C6-4DF3-837F-9D13169F2C1A}.Ad-Hoc|iPhone.Deploy.0 = Debug|Any CPU
		{7EFED387-52C6-4DF3-837F-9D13169F2C1A}.Ad-Hoc|iPhoneSimulator.ActiveCfg = Debug|Any CPU
		{7EFED387-52C6-4DF3-837F-9D13169F2C1A}.Ad-Hoc|iPhoneSimulator.Build.0 = Debug|Any CPU
		{7EFED387-52C6-4DF3-837F-9D13169F2C1A}.Ad-Hoc|iPhoneSimulator.Deploy.0 = Debug|Any CPU
		{7EFED387-52C6-4DF3-837F-9D13169F2C1A}.AppStore|Any CPU.ActiveCfg = Debug|Any CPU
		{7EFED387-52C6-4DF3-837F-9D13169F2C1A}.AppStore|Any CPU.Build.0 = Debug|Any CPU
		{7EFED387-52C6-4DF3-837F-9D13169F2C1A}.AppStore|Any CPU.Deploy.0 = Debug|Any CPU
		{7EFED387-52C6-4DF3-837F-9D13169F2C1A}.AppStore|iPhone.ActiveCfg = Debug|Any CPU
		{7EFED387-52C6-4DF3-837F-9D13169F2C1A}.AppStore|iPhone.Build.0 = Debug|Any CPU
		{7EFED387-52C6-4DF3-837F-9D13169F2C1A}.AppStore|iPhone.Deploy.0 = Debug|Any CPU
		{7EFED387-52C6-4DF3-837F-9D13169F2C1A}.AppStore|iPhoneSimulator.ActiveCfg = Debug|Any CPU
		{7EFED387-52C6-4DF3-837F-9D13169F2C1A}.AppStore|iPhoneSimulator.Build.0 = Debug|Any CPU
		{7EFED387-52C6-4DF3-837F-9D13169F2C1A}.AppStore|iPhoneSimulator.Deploy.0 = Debug|Any CPU
		{7EFED387-52C6-4DF3-837F-9D13169F2C1A}.Debug|Any CPU.ActiveCfg = Debug|Any CPU
		{7EFED387-52C6-4DF3-837F-9D13169F2C1A}.Debug|Any CPU.Build.0 = Debug|Any CPU
		{7EFED387-52C6-4DF3-837F-9D13169F2C1A}.Debug|Any CPU.Deploy.0 = Debug|Any CPU
		{7EFED387-52C6-4DF3-837F-9D13169F2C1A}.Debug|iPhone.ActiveCfg = Debug|Any CPU
		{7EFED387-52C6-4DF3-837F-9D13169F2C1A}.Debug|iPhone.Build.0 = Debug|Any CPU
		{7EFED387-52C6-4DF3-837F-9D13169F2C1A}.Debug|iPhone.Deploy.0 = Debug|Any CPU
		{7EFED387-52C6-4DF3-837F-9D13169F2C1A}.Debug|iPhoneSimulator.ActiveCfg = Debug|Any CPU
		{7EFED387-52C6-4DF3-837F-9D13169F2C1A}.Debug|iPhoneSimulator.Build.0 = Debug|Any CPU
		{7EFED387-52C6-4DF3-837F-9D13169F2C1A}.Debug|iPhoneSimulator.Deploy.0 = Debug|Any CPU
		{7EFED387-52C6-4DF3-837F-9D13169F2C1A}.Release|Any CPU.ActiveCfg = Release|Any CPU
		{7EFED387-52C6-4DF3-837F-9D13169F2C1A}.Release|Any CPU.Build.0 = Release|Any CPU
		{7EFED387-52C6-4DF3-837F-9D13169F2C1A}.Release|Any CPU.Deploy.0 = Release|Any CPU
		{7EFED387-52C6-4DF3-837F-9D13169F2C1A}.Release|iPhone.ActiveCfg = Release|Any CPU
		{7EFED387-52C6-4DF3-837F-9D13169F2C1A}.Release|iPhone.Build.0 = Release|Any CPU
		{7EFED387-52C6-4DF3-837F-9D13169F2C1A}.Release|iPhone.Deploy.0 = Release|Any CPU
		{7EFED387-52C6-4DF3-837F-9D13169F2C1A}.Release|iPhoneSimulator.ActiveCfg = Release|Any CPU
		{7EFED387-52C6-4DF3-837F-9D13169F2C1A}.Release|iPhoneSimulator.Build.0 = Release|Any CPU
		{7EFED387-52C6-4DF3-837F-9D13169F2C1A}.Release|iPhoneSimulator.Deploy.0 = Release|Any CPU
	EndGlobalSection
	GlobalSection(SolutionProperties) = preSolution
		HideSolutionNode = FALSE
	EndGlobalSection
	GlobalSection(ExtensibilityGlobals) = postSolution
		SolutionGuid = {178C34C3-3820-4DC6-9F7C-EF636CB63885}
	EndGlobalSection
EndGlobal
